
Microsoft Visual Studio Solution File, Format Version 12.00
# Visual Studio Version 17
VisualStudioVersion = 17.0.31903.59
MinimumVisualStudioVersion = 10.0.40219.1
Project("{FAE04EC0-301F-11D3-BF4B-00C04F79EFBC}") = "api", "api\api.csproj", "{D02A01F7-E07D-4C72-9F1E-B9144E27C51D}"
EndProject
Project("{FAE04EC0-301F-11D3-BF4B-00C04F79EFBC}") = "service", "service\service.csproj", "{F483A674-5486-4B0B-BFEB-191E88CF1AFE}"
EndProject
Project("{FAE04EC0-301F-11D3-BF4B-00C04F79EFBC}") = "infrastructure", "infrastructure\infrastructure.csproj", "{B6B3B5C3-C04D-42A7-BA07-E76AB744DE42}"
EndProject
Global
	GlobalSection(SolutionConfigurationPlatforms) = preSolution
		Debug|Any CPU = Debug|Any CPU
		Release|Any CPU = Release|Any CPU
	EndGlobalSection
	GlobalSection(SolutionProperties) = preSolution
		HideSolutionNode = FALSE
	EndGlobalSection
	GlobalSection(ProjectConfigurationPlatforms) = postSolution
		{D02A01F7-E07D-4C72-9F1E-B9144E27C51D}.Debug|Any CPU.ActiveCfg = Debug|Any CPU
		{D02A01F7-E07D-4C72-9F1E-B9144E27C51D}.Debug|Any CPU.Build.0 = Debug|Any CPU
		{D02A01F7-E07D-4C72-9F1E-B9144E27C51D}.Release|Any CPU.ActiveCfg = Release|Any CPU
		{D02A01F7-E07D-4C72-9F1E-B9144E27C51D}.Release|Any CPU.Build.0 = Release|Any CPU
		{F483A674-5486-4B0B-BFEB-191E88CF1AFE}.Debug|Any CPU.ActiveCfg = Debug|Any CPU
		{F483A674-5486-4B0B-BFEB-191E88CF1AFE}.Debug|Any CPU.Build.0 = Debug|Any CPU
		{F483A674-5486-4B0B-BFEB-191E88CF1AFE}.Release|Any CPU.ActiveCfg = Release|Any CPU
		{F483A674-5486-4B0B-BFEB-191E88CF1AFE}.Release|Any CPU.Build.0 = Release|Any CPU
		{B6B3B5C3-C04D-42A7-BA07-E76AB744DE42}.Debug|Any CPU.ActiveCfg = Debug|Any CPU
		{B6B3B5C3-C04D-42A7-BA07-E76AB744DE42}.Debug|Any CPU.Build.0 = Debug|Any CPU
		{B6B3B5C3-C04D-42A7-BA07-E76AB744DE42}.Release|Any CPU.ActiveCfg = Release|Any CPU
		{B6B3B5C3-C04D-42A7-BA07-E76AB744DE42}.Release|Any CPU.Build.0 = Release|Any CPU
	EndGlobalSection
EndGlobal
